
Microsoft Visual Studio Solution File, Format Version 11.00
# Visual Studio 2010
Project("{FAE04EC0-301F-11D3-BF4B-00C04F79EFBC}") = "CtcApi.Ods", "CtcApi.Ods\CtcApi.Ods.csproj", "{D4697354-CBB8-4376-BB92-65A21760C752}"
EndProject
Project("{FAE04EC0-301F-11D3-BF4B-00C04F79EFBC}") = "Test.CtcApi.Ods", "CtcApi.Ods\OdsApi.Tests\Test.CtcApi.Ods.csproj", "{63DA4B74-842D-411A-B939-1E586CA127D5}"
EndProject
Project("{2150E333-8FDC-42A3-9474-1A3956D46DE8}") = "Solution Items", "Solution Items", "{D4ADC002-ADC7-4B0F-ABAD-EF227453C3F8}"
	ProjectSection(SolutionItems) = preProject
		API.vsmdi = API.vsmdi
		LICENSE.txt = LICENSE.txt
		Local.testsettings = Local.testsettings
		README.md = README.md
		TraceAndTestImpact.testsettings = TraceAndTestImpact.testsettings
	EndProjectSection
EndProject
Project("{FAE04EC0-301F-11D3-BF4B-00C04F79EFBC}") = "CtcApi", "CtcApi\CtcApi.csproj", "{874246D7-BA7A-476B-9ADC-4AF6B3862018}"
EndProject
Project("{FAE04EC0-301F-11D3-BF4B-00C04F79EFBC}") = "Test.CtcApi", "Test.CtcApi\Test.CtcApi.csproj", "{1FBE04E6-3F67-4816-A2BF-3E1C9A87264E}"
EndProject
Global
	GlobalSection(TestCaseManagementSettings) = postSolution
		CategoryFile = API.vsmdi
	EndGlobalSection
	GlobalSection(SolutionConfigurationPlatforms) = preSolution
		Debug|Any CPU = Debug|Any CPU
		Dev|Any CPU = Dev|Any CPU
		Release|Any CPU = Release|Any CPU
	EndGlobalSection
	GlobalSection(ProjectConfigurationPlatforms) = postSolution
		{D4697354-CBB8-4376-BB92-65A21760C752}.Debug|Any CPU.ActiveCfg = Debug|Any CPU
		{D4697354-CBB8-4376-BB92-65A21760C752}.Debug|Any CPU.Build.0 = Debug|Any CPU
		{D4697354-CBB8-4376-BB92-65A21760C752}.Dev|Any CPU.ActiveCfg = Dev|Any CPU
		{D4697354-CBB8-4376-BB92-65A21760C752}.Dev|Any CPU.Build.0 = Dev|Any CPU
		{D4697354-CBB8-4376-BB92-65A21760C752}.Release|Any CPU.ActiveCfg = Release|Any CPU
		{D4697354-CBB8-4376-BB92-65A21760C752}.Release|Any CPU.Build.0 = Release|Any CPU
		{63DA4B74-842D-411A-B939-1E586CA127D5}.Debug|Any CPU.ActiveCfg = Debug|Any CPU
		{63DA4B74-842D-411A-B939-1E586CA127D5}.Debug|Any CPU.Build.0 = Debug|Any CPU
		{63DA4B74-842D-411A-B939-1E586CA127D5}.Dev|Any CPU.ActiveCfg = Dev|Any CPU
		{63DA4B74-842D-411A-B939-1E586CA127D5}.Dev|Any CPU.Build.0 = Dev|Any CPU
		{63DA4B74-842D-411A-B939-1E586CA127D5}.Release|Any CPU.ActiveCfg = Release|Any CPU
		{63DA4B74-842D-411A-B939-1E586CA127D5}.Release|Any CPU.Build.0 = Release|Any CPU
		{874246D7-BA7A-476B-9ADC-4AF6B3862018}.Debug|Any CPU.ActiveCfg = Debug|Any CPU
		{874246D7-BA7A-476B-9ADC-4AF6B3862018}.Debug|Any CPU.Build.0 = Debug|Any CPU
		{874246D7-BA7A-476B-9ADC-4AF6B3862018}.Dev|Any CPU.ActiveCfg = Debug|Any CPU
		{874246D7-BA7A-476B-9ADC-4AF6B3862018}.Dev|Any CPU.Build.0 = Debug|Any CPU
		{874246D7-BA7A-476B-9ADC-4AF6B3862018}.Release|Any CPU.ActiveCfg = Release|Any CPU
		{874246D7-BA7A-476B-9ADC-4AF6B3862018}.Release|Any CPU.Build.0 = Release|Any CPU
		{1FBE04E6-3F67-4816-A2BF-3E1C9A87264E}.Debug|Any CPU.ActiveCfg = Debug|Any CPU
		{1FBE04E6-3F67-4816-A2BF-3E1C9A87264E}.Debug|Any CPU.Build.0 = Debug|Any CPU
		{1FBE04E6-3F67-4816-A2BF-3E1C9A87264E}.Dev|Any CPU.ActiveCfg = Debug|Any CPU
		{1FBE04E6-3F67-4816-A2BF-3E1C9A87264E}.Dev|Any CPU.Build.0 = Debug|Any CPU
		{1FBE04E6-3F67-4816-A2BF-3E1C9A87264E}.Release|Any CPU.ActiveCfg = Release|Any CPU
		{1FBE04E6-3F67-4816-A2BF-3E1C9A87264E}.Release|Any CPU.Build.0 = Release|Any CPU
	EndGlobalSection
	GlobalSection(SolutionProperties) = preSolution
		HideSolutionNode = FALSE
	EndGlobalSection
	GlobalSection(ExtensibilityGlobals) = postSolution
		BuildVersion_BuildVersioningStyle = None.None.None.None
		BuildVersion_ConfigurationName = Any
		BuildVersion_UseGlobalSettings = False
	EndGlobalSection
EndGlobal
